// !$*UTF8*$!
{
	archiveVersion = 1;
	classes = {
	};
	objectVersion = 55;
	objects = {

/* Begin PBXBuildFile section */
		E24874F527C0CAA200FE10B4 /* ColorPanelSwiftUIApp.swift in Sources */ = {isa = PBXBuildFile; fileRef = E24874F427C0CAA200FE10B4 /* ColorPanelSwiftUIApp.swift */; };
		E24874F727C0CAA200FE10B4 /* ContentView.swift in Sources */ = {isa = PBXBuildFile; fileRef = E24874F627C0CAA200FE10B4 /* ContentView.swift */; };
		E24874FC27C0CAA300FE10B4 /* Preview Assets.xcassets in Resources */ = {isa = PBXBuildFile; fileRef = E24874FB27C0CAA300FE10B4 /* Preview Assets.xcassets */; };
		E248750327C0D0B800FE10B4 /* SliderColorView.swift in Sources */ = {isa = PBXBuildFile; fileRef = E248750227C0D0B800FE10B4 /* SliderColorView.swift */; };
		E2492B3727C222D000A27C84 /* Assets.xcassets in Resources */ = {isa = PBXBuildFile; fileRef = E2492B3627C222D000A27C84 /* Assets.xcassets */; };
		E2492B3A27C2255300A27C84 /* SettingUI.swift in Sources */ = {isa = PBXBuildFile; fileRef = E2492B3927C2255300A27C84 /* SettingUI.swift */; };
		E26C4A6527C10A99006B644C /* SlidersPanelView.swift in Sources */ = {isa = PBXBuildFile; fileRef = E26C4A6427C10A99006B644C /* SlidersPanelView.swift */; };
		E2F9C84927C1283A005A3228 /* ColorPanelView.swift in Sources */ = {isa = PBXBuildFile; fileRef = E2F9C84827C1283A005A3228 /* ColorPanelView.swift */; };
/* End PBXBuildFile section */

/* Begin PBXFileReference section */
		E24874F127C0CAA200FE10B4 /* ColorPanelSwiftUI.app */ = {isa = PBXFileReference; explicitFileType = wrapper.application; includeInIndex = 0; path = ColorPanelSwiftUI.app; sourceTree = BUILT_PRODUCTS_DIR; };
		E24874F427C0CAA200FE10B4 /* ColorPanelSwiftUIApp.swift */ = {isa = PBXFileReference; lastKnownFileType = sourcecode.swift; path = ColorPanelSwiftUIApp.swift; sourceTree = "<group>"; };
		E24874F627C0CAA200FE10B4 /* ContentView.swift */ = {isa = PBXFileReference; lastKnownFileType = sourcecode.swift; path = ContentView.swift; sourceTree = "<group>"; };
		E24874FB27C0CAA300FE10B4 /* Preview Assets.xcassets */ = {isa = PBXFileReference; lastKnownFileType = folder.assetcatalog; path = "Preview Assets.xcassets"; sourceTree = "<group>"; };
		E248750227C0D0B800FE10B4 /* SliderColorView.swift */ = {isa = PBXFileReference; lastKnownFileType = sourcecode.swift; path = SliderColorView.swift; sourceTree = "<group>"; };
		E2492B3627C222D000A27C84 /* Assets.xcassets */ = {isa = PBXFileReference; lastKnownFileType = folder.assetcatalog; path = Assets.xcassets; sourceTree = "<group>"; };
		E2492B3927C2255300A27C84 /* SettingUI.swift */ = {isa = PBXFileReference; lastKnownFileType = sourcecode.swift; path = SettingUI.swift; sourceTree = "<group>"; };
		E26C4A6427C10A99006B644C /* SlidersPanelView.swift */ = {isa = PBXFileReference; lastKnownFileType = sourcecode.swift; path = SlidersPanelView.swift; sourceTree = "<group>"; };
		E2F9C84827C1283A005A3228 /* ColorPanelView.swift */ = {isa = PBXFileReference; lastKnownFileType = sourcecode.swift; path = ColorPanelView.swift; sourceTree = "<group>"; };
/* End PBXFileReference section */

/* Begin PBXFrameworksBuildPhase section */
		E24874EE27C0CAA200FE10B4 /* Frameworks */ = {
			isa = PBXFrameworksBuildPhase;
			buildActionMask = 2147483647;
			files = (
			);
			runOnlyForDeploymentPostprocessing = 0;
		};
/* End PBXFrameworksBuildPhase section */

/* Begin PBXGroup section */
		E24874E827C0CAA200FE10B4 = {
			isa = PBXGroup;
			children = (
				E24874F327C0CAA200FE10B4 /* ColorPanelSwiftUI */,
				E24874F227C0CAA200FE10B4 /* Products */,
			);
			sourceTree = "<group>";
		};
		E24874F227C0CAA200FE10B4 /* Products */ = {
			isa = PBXGroup;
			children = (
				E24874F127C0CAA200FE10B4 /* ColorPanelSwiftUI.app */,
			);
			name = Products;
			sourceTree = "<group>";
		};
		E24874F327C0CAA200FE10B4 /* ColorPanelSwiftUI */ = {
			isa = PBXGroup;
			children = (
				E2492B3827C2253B00A27C84 /* Model */,
				E2492B2D27C216A800A27C84 /* ContentView */,
				E2492B2C27C2168800A27C84 /* View */,
				E2492B2A27C215DC00A27C84 /* ViewModel */,
				E2492B3627C222D000A27C84 /* Assets.xcassets */,
				E24874FA27C0CAA300FE10B4 /* Preview Content */,
			);
			path = ColorPanelSwiftUI;
			sourceTree = "<group>";
		};
		E24874FA27C0CAA300FE10B4 /* Preview Content */ = {
			isa = PBXGroup;
			children = (
				E24874FB27C0CAA300FE10B4 /* Preview Assets.xcassets */,
			);
			path = "Preview Content";
			sourceTree = "<group>";
		};
		E2492B2A27C215DC00A27C84 /* ViewModel */ = {
			isa = PBXGroup;
			children = (
				E248750227C0D0B800FE10B4 /* SliderColorView.swift */,
			);
			path = ViewModel;
			sourceTree = "<group>";
		};
		E2492B2C27C2168800A27C84 /* View */ = {
			isa = PBXGroup;
			children = (
				E2F9C84827C1283A005A3228 /* ColorPanelView.swift */,
				E26C4A6427C10A99006B644C /* SlidersPanelView.swift */,
			);
			path = View;
			sourceTree = "<group>";
		};
		E2492B2D27C216A800A27C84 /* ContentView */ = {
			isa = PBXGroup;
			children = (
				E24874F627C0CAA200FE10B4 /* ContentView.swift */,
				E24874F427C0CAA200FE10B4 /* ColorPanelSwiftUIApp.swift */,
			);
			path = ContentView;
			sourceTree = "<group>";
		};
		E2492B3827C2253B00A27C84 /* Model */ = {
			isa = PBXGroup;
			children = (
				E2492B3927C2255300A27C84 /* SettingUI.swift */,
			);
			path = Model;
			sourceTree = "<group>";
		};
/* End PBXGroup section */

/* Begin PBXNativeTarget section */
		E24874F027C0CAA200FE10B4 /* ColorPanelSwiftUI */ = {
			isa = PBXNativeTarget;
			buildConfigurationList = E24874FF27C0CAA300FE10B4 /* Build configuration list for PBXNativeTarget "ColorPanelSwiftUI" */;
			buildPhases = (
				E24874ED27C0CAA200FE10B4 /* Sources */,
				E24874EE27C0CAA200FE10B4 /* Frameworks */,
				E24874EF27C0CAA200FE10B4 /* Resources */,
			);
			buildRules = (
			);
			dependencies = (
			);
			name = ColorPanelSwiftUI;
			productName = ColorPanelSwiftUI;
			productReference = E24874F127C0CAA200FE10B4 /* ColorPanelSwiftUI.app */;
			productType = "com.apple.product-type.application";
		};
/* End PBXNativeTarget section */

/* Begin PBXProject section */
		E24874E927C0CAA200FE10B4 /* Project object */ = {
			isa = PBXProject;
			attributes = {
				BuildIndependentTargetsInParallel = 1;
				LastSwiftUpdateCheck = 1320;
				LastUpgradeCheck = 1320;
				TargetAttributes = {
					E24874F027C0CAA200FE10B4 = {
						CreatedOnToolsVersion = 13.2.1;
					};
				};
			};
			buildConfigurationList = E24874EC27C0CAA200FE10B4 /* Build configuration list for PBXProject "ColorPanelSwiftUI" */;
			compatibilityVersion = "Xcode 13.0";
			developmentRegion = en;
			hasScannedForEncodings = 0;
			knownRegions = (
				en,
				Base,
			);
			mainGroup = E24874E827C0CAA200FE10B4;
			productRefGroup = E24874F227C0CAA200FE10B4 /* Products */;
			projectDirPath = "";
			projectRoot = "";
			targets = (
				E24874F027C0CAA200FE10B4 /* ColorPanelSwiftUI */,
			);
		};
/* End PBXProject section */

/* Begin PBXResourcesBuildPhase section */
		E24874EF27C0CAA200FE10B4 /* Resources */ = {
			isa = PBXResourcesBuildPhase;
			buildActionMask = 2147483647;
			files = (
				E2492B3727C222D000A27C84 /* Assets.xcassets in Resources */,
				E24874FC27C0CAA300FE10B4 /* Preview Assets.xcassets in Resources */,
			);
			runOnlyForDeploymentPostprocessing = 0;
		};
/* End PBXResourcesBuildPhase section */

/* Begin PBXSourcesBuildPhase section */
		E24874ED27C0CAA200FE10B4 /* Sources */ = {
			isa = PBXSourcesBuildPhase;
			buildActionMask = 2147483647;
			files = (
				E2492B3A27C2255300A27C84 /* SettingUI.swift in Sources */,
				E248750327C0D0B800FE10B4 /* SliderColorView.swift in Sources */,
				E24874F727C0CAA200FE10B4 /* ContentView.swift in Sources */,
				E26C4A6527C10A99006B644C /* SlidersPanelView.swift in Sources */,
				E2F9C84927C1283A005A3228 /* ColorPanelView.swift in Sources */,
				E24874F527C0CAA200FE10B4 /* ColorPanelSwiftUIApp.swift in Sources */,
			);
			runOnlyForDeploymentPostprocessing = 0;
		};
/* End PBXSourcesBuildPhase section */

/* Begin XCBuildConfiguration section */
		E24874FD27C0CAA300FE10B4 /* Debug */ = {
			isa = XCBuildConfiguration;
			buildSettings = {
				ALWAYS_SEARCH_USER_PATHS = NO;
				CLANG_ANALYZER_NONNULL = YES;
				CLANG_ANALYZER_NUMBER_OBJECT_CONVERSION = YES_AGGRESSIVE;
				CLANG_CXX_LANGUAGE_STANDARD = "gnu++17";
				CLANG_CXX_LIBRARY = "libc++";
				CLANG_ENABLE_MODULES = YES;
				CLANG_ENABLE_OBJC_ARC = YES;
				CLANG_ENABLE_OBJC_WEAK = YES;
				CLANG_WARN_BLOCK_CAPTURE_AUTORELEASING = YES;
				CLANG_WARN_BOOL_CONVERSION = YES;
				CLANG_WARN_COMMA = YES;
				CLANG_WARN_CONSTANT_CONVERSION = YES;
				CLANG_WARN_DEPRECATED_OBJC_IMPLEMENTATIONS = YES;
				CLANG_WARN_DIRECT_OBJC_ISA_USAGE = YES_ERROR;
				CLANG_WARN_DOCUMENTATION_COMMENTS = YES;
				CLANG_WARN_EMPTY_BODY = YES;
				CLANG_WARN_ENUM_CONVERSION = YES;
				CLANG_WARN_INFINITE_RECURSION = YES;
				CLANG_WARN_INT_CONVERSION = YES;
				CLANG_WARN_NON_LITERAL_NULL_CONVERSION = YES;
				CLANG_WARN_OBJC_IMPLICIT_RETAIN_SELF = YES;
				CLANG_WARN_OBJC_LITERAL_CONVERSION = YES;
				CLANG_WARN_OBJC_ROOT_CLASS = YES_ERROR;
				CLANG_WARN_QUOTED_INCLUDE_IN_FRAMEWORK_HEADER = YES;
				CLANG_WARN_RANGE_LOOP_ANALYSIS = YES;
				CLANG_WARN_STRICT_PROTOTYPES = YES;
				CLANG_WARN_SUSPICIOUS_MOVE = YES;
				CLANG_WARN_UNGUARDED_AVAILABILITY = YES_AGGRESSIVE;
				CLANG_WARN_UNREACHABLE_CODE = YES;
				CLANG_WARN__DUPLICATE_METHOD_MATCH = YES;
				COPY_PHASE_STRIP = NO;
				DEBUG_INFORMATION_FORMAT = dwarf;
				ENABLE_STRICT_OBJC_MSGSEND = YES;
				ENABLE_TESTABILITY = YES;
				GCC_C_LANGUAGE_STANDARD = gnu11;
				GCC_DYNAMIC_NO_PIC = NO;
				GCC_NO_COMMON_BLOCKS = YES;
				GCC_OPTIMIZATION_LEVEL = 0;
				GCC_PREPROCESSOR_DEFINITIONS = (
					"DEBUG=1",
					"$(inherited)",
				);
				GCC_WARN_64_TO_32_BIT_CONVERSION = YES;
				GCC_WARN_ABOUT_RETURN_TYPE = YES_ERROR;
				GCC_WARN_UNDECLARED_SELECTOR = YES;
				GCC_WARN_UNINITIALIZED_AUTOS = YES_AGGRESSIVE;
				GCC_WARN_UNUSED_FUNCTION = YES;
				GCC_WARN_UNUSED_VARIABLE = YES;
				IPHONEOS_DEPLOYMENT_TARGET = 15.2;
				MTL_ENABLE_DEBUG_INFO = INCLUDE_SOURCE;
				MTL_FAST_MATH = YES;
				ONLY_ACTIVE_ARCH = YES;
				SDKROOT = iphoneos;
				SWIFT_ACTIVE_COMPILATION_CONDITIONS = DEBUG;
				SWIFT_OPTIMIZATION_LEVEL = "-Onone";
			};
			name = Debug;
		};
		E24874FE27C0CAA300FE10B4 /* Release */ = {
			isa = XCBuildConfiguration;
			buildSettings = {
				ALWAYS_SEARCH_USER_PATHS = NO;
				CLANG_ANALYZER_NONNULL = YES;
				CLANG_ANALYZER_NUMBER_OBJECT_CONVERSION = YES_AGGRESSIVE;
				CLANG_CXX_LANGUAGE_STANDARD = "gnu++17";
				CLANG_CXX_LIBRARY = "libc++";
				CLANG_ENABLE_MODULES = YES;
				CLANG_ENABLE_OBJC_ARC = YES;
				CLANG_ENABLE_OBJC_WEAK = YES;
				CLANG_WARN_BLOCK_CAPTURE_AUTORELEASING = YES;
				CLANG_WARN_BOOL_CONVERSION = YES;
				CLANG_WARN_COMMA = YES;
				CLANG_WARN_CONSTANT_CONVERSION = YES;
				CLANG_WARN_DEPRECATED_OBJC_IMPLEMENTATIONS = YES;
				CLANG_WARN_DIRECT_OBJC_ISA_USAGE = YES_ERROR;
				CLANG_WARN_DOCUMENTATION_COMMENTS = YES;
				CLANG_WARN_EMPTY_BODY = YES;
				CLANG_WARN_ENUM_CONVERSION = YES;
				CLANG_WARN_INFINITE_RECURSION = YES;
				CLANG_WARN_INT_CONVERSION = YES;
				CLANG_WARN_NON_LITERAL_NULL_CONVERSION = YES;
				CLANG_WARN_OBJC_IMPLICIT_RETAIN_SELF = YES;
				CLANG_WARN_OBJC_LITERAL_CONVERSION = YES;
				CLANG_WARN_OBJC_ROOT_CLASS = YES_ERROR;
				CLANG_WARN_QUOTED_INCLUDE_IN_FRAMEWORK_HEADER = YES;
				CLANG_WARN_RANGE_LOOP_ANALYSIS = YES;
				CLANG_WARN_STRICT_PROTOTYPES = YES;
				CLANG_WARN_SUSPICIOUS_MOVE = YES;
				CLANG_WARN_UNGUARDED_AVAILABILITY = YES_AGGRESSIVE;
				CLANG_WARN_UNREACHABLE_CODE = YES;
				CLANG_WARN__DUPLICATE_METHOD_MATCH = YES;
				COPY_PHASE_STRIP = NO;
				DEBUG_INFORMATION_FORMAT = "dwarf-with-dsym";
				ENABLE_NS_ASSERTIONS = NO;
				ENABLE_STRICT_OBJC_MSGSEND = YES;
				GCC_C_LANGUAGE_STANDARD = gnu11;
				GCC_NO_COMMON_BLOCKS = YES;
				GCC_WARN_64_TO_32_BIT_CONVERSION = YES;
				GCC_WARN_ABOUT_RETURN_TYPE = YES_ERROR;
				GCC_WARN_UNDECLARED_SELECTOR = YES;
				GCC_WARN_UNINITIALIZED_AUTOS = YES_AGGRESSIVE;
				GCC_WARN_UNUSED_FUNCTION = YES;
				GCC_WARN_UNUSED_VARIABLE = YES;
				IPHONEOS_DEPLOYMENT_TARGET = 15.2;
				MTL_ENABLE_DEBUG_INFO = NO;
				MTL_FAST_MATH = YES;
				SDKROOT = iphoneos;
				SWIFT_COMPILATION_MODE = wholemodule;
				SWIFT_OPTIMIZATION_LEVEL = "-O";
				VALIDATE_PRODUCT = YES;
			};
			name = Release;
		};
		E248750027C0CAA300FE10B4 /* Debug */ = {
			isa = XCBuildConfiguration;
			buildSettings = {
				ASSETCATALOG_COMPILER_APPICON_NAME = AppIcon;
				ASSETCATALOG_COMPILER_GLOBAL_ACCENT_COLOR_NAME = AccentColor;
				CODE_SIGN_STYLE = Automatic;
				CURRENT_PROJECT_VERSION = 1;
				DEVELOPMENT_ASSET_PATHS = "\"ColorPanelSwiftUI/Preview Content\"";
				DEVELOPMENT_TEAM = QD5349NP78;
				ENABLE_PREVIEWS = YES;
				GENERATE_INFOPLIST_FILE = YES;
				INFOPLIST_KEY_UIApplicationSceneManifest_Generation = YES;
				INFOPLIST_KEY_UIApplicationSupportsIndirectInputEvents = YES;
				INFOPLIST_KEY_UILaunchScreen_Generation = YES;
				INFOPLIST_KEY_UISupportedInterfaceOrientations_iPad = "UIInterfaceOrientationPortrait UIInterfaceOrientationPortraitUpsideDown UIInterfaceOrientationLandscapeLeft UIInterfaceOrientationLandscapeRight";
				INFOPLIST_KEY_UISupportedInterfaceOrientations_iPhone = "UIInterfaceOrientationPortrait UIInterfaceOrientationLandscapeLeft UIInterfaceOrientationLandscapeRight";
				LD_RUNPATH_SEARCH_PATHS = (
					"$(inherited)",
					"@executable_path/Frameworks",
				);
				MARKETING_VERSION = 1.0;
				PRODUCT_BUNDLE_IDENTIFIER = Panin.ColorPanelSwiftUI;
				PRODUCT_NAME = "$(TARGET_NAME)";
				SWIFT_EMIT_LOC_STRINGS = YES;
				SWIFT_VERSION = 5.0;
				TARGETED_DEVICE_FAMILY = "1,2";
			};
			name = Debug;
		};
		E248750127C0CAA300FE10B4 /* Release */ = {
			isa = XCBuildConfiguration;
			buildSettings = {
				ASSETCATALOG_COMPILER_APPICON_NAME = AppIcon;
				ASSETCATALOG_COMPILER_GLOBAL_ACCENT_COLOR_NAME = AccentColor;
				CODE_SIGN_STYLE = Automatic;
				CURRENT_PROJECT_VERSION = 1;
				DEVELOPMENT_ASSET_PATHS = "\"ColorPanelSwiftUI/Preview Content\"";
				DEVELOPMENT_TEAM = QD5349NP78;
				ENABLE_PREVIEWS = YES;
				GENERATE_INFOPLIST_FILE = YES;
				INFOPLIST_KEY_UIApplicationSceneManifest_Generation = YES;
				INFOPLIST_KEY_UIApplicationSupportsIndirectInputEvents = YES;
				INFOPLIST_KEY_UILaunchScreen_Generation = YES;
				INFOPLIST_KEY_UISupportedInterfaceOrientations_iPad = "UIInterfaceOrientationPortrait UIInterfaceOrientationPortraitUpsideDown UIInterfaceOrientationLandscapeLeft UIInterfaceOrientationLandscapeRight";
				INFOPLIST_KEY_UISupportedInterfaceOrientations_iPhone = "UIInterfaceOrientationPortrait UIInterfaceOrientationLandscapeLeft UIInterfaceOrientationLandscapeRight";
				LD_RUNPATH_SEARCH_PATHS = (
					"$(inherited)",
					"@executable_path/Frameworks",
				);
				MARKETING_VERSION = 1.0;
				PRODUCT_BUNDLE_IDENTIFIER = Panin.ColorPanelSwiftUI;
				PRODUCT_NAME = "$(TARGET_NAME)";
				SWIFT_EMIT_LOC_STRINGS = YES;
				SWIFT_VERSION = 5.0;
				TARGETED_DEVICE_FAMILY = "1,2";
			};
			name = Release;
		};
/* End XCBuildConfiguration section */

/* Begin XCConfigurationList section */
		E24874EC27C0CAA200FE10B4 /* Build configuration list for PBXProject "ColorPanelSwiftUI" */ = {
			isa = XCConfigurationList;
			buildConfigurations = (
				E24874FD27C0CAA300FE10B4 /* Debug */,
				E24874FE27C0CAA300FE10B4 /* Release */,
			);
			defaultConfigurationIsVisible = 0;
			defaultConfigurationName = Release;
		};
		E24874FF27C0CAA300FE10B4 /* Build configuration list for PBXNativeTarget "ColorPanelSwiftUI" */ = {
			isa = XCConfigurationList;
			buildConfigurations = (
				E248750027C0CAA300FE10B4 /* Debug */,
				E248750127C0CAA300FE10B4 /* Release */,
			);
			defaultConfigurationIsVisible = 0;
			defaultConfigurationName = Release;
		};
/* End XCConfigurationList section */
	};
	rootObject = E24874E927C0CAA200FE10B4 /* Project object */;
}
